
Microsoft Visual Studio Solution File, Format Version 12.00
# Visual Studio 15
VisualStudioVersion = 15.0.27703.2035
MinimumVisualStudioVersion = 10.0.40219.1
Project("{9A19103F-16F7-4668-BE54-9A1E7A4F7556}") = "WebFrontend", "src\Web\WebFrontend\WebFrontend.csproj", "{7B9512EA-EFE3-419A-BF89-FA87D1138AB7}"
EndProject
Project("{9A19103F-16F7-4668-BE54-9A1E7A4F7556}") = "BackendFoo", "src\Services\BackendFoo\BackendFoo.csproj", "{8107821F-0E7A-4686-9BFE-AC339A200979}"
EndProject
Project("{9A19103F-16F7-4668-BE54-9A1E7A4F7556}") = "BuildingBlock.Resilience", "src\BuildingBlocks\BuildingBlock.Resilience\BuildingBlock.Resilience.csproj", "{49CD88C1-D6B5-49CB-9361-A09574634A9A}"
EndProject
Project("{2150E333-8FDC-42A3-9474-1A3956D46DE8}") = "BuildingBlocks", "BuildingBlocks", "{45A27CD3-EF72-43E2-8A58-8155725DCB6E}"
EndProject
Project("{9A19103F-16F7-4668-BE54-9A1E7A4F7556}") = "BackendBar", "src\Services\BackendBar\BackendBar.csproj", "{978E8B65-2C66-4039-84EE-D74E7191AB7A}"
EndProject
Project("{FAE04EC0-301F-11D3-BF4B-00C04F79EFBC}") = "BuildingBlock.Http", "src\BuildingBlocks\BuildingBlock.Http\BuildingBlock.Http.csproj", "{3F5A98DC-566A-444C-B17C-77C558184E46}"
EndProject
Global
	GlobalSection(SolutionConfigurationPlatforms) = preSolution
		Debug|Any CPU = Debug|Any CPU
		Release|Any CPU = Release|Any CPU
	EndGlobalSection
	GlobalSection(ProjectConfigurationPlatforms) = postSolution
		{7B9512EA-EFE3-419A-BF89-FA87D1138AB7}.Debug|Any CPU.ActiveCfg = Debug|Any CPU
		{7B9512EA-EFE3-419A-BF89-FA87D1138AB7}.Debug|Any CPU.Build.0 = Debug|Any CPU
		{7B9512EA-EFE3-419A-BF89-FA87D1138AB7}.Release|Any CPU.ActiveCfg = Release|Any CPU
		{7B9512EA-EFE3-419A-BF89-FA87D1138AB7}.Release|Any CPU.Build.0 = Release|Any CPU
		{8107821F-0E7A-4686-9BFE-AC339A200979}.Debug|Any CPU.ActiveCfg = Debug|Any CPU
		{8107821F-0E7A-4686-9BFE-AC339A200979}.Debug|Any CPU.Build.0 = Debug|Any CPU
		{8107821F-0E7A-4686-9BFE-AC339A200979}.Release|Any CPU.ActiveCfg = Release|Any CPU
		{8107821F-0E7A-4686-9BFE-AC339A200979}.Release|Any CPU.Build.0 = Release|Any CPU
		{49CD88C1-D6B5-49CB-9361-A09574634A9A}.Debug|Any CPU.ActiveCfg = Debug|Any CPU
		{49CD88C1-D6B5-49CB-9361-A09574634A9A}.Debug|Any CPU.Build.0 = Debug|Any CPU
		{49CD88C1-D6B5-49CB-9361-A09574634A9A}.Release|Any CPU.ActiveCfg = Release|Any CPU
		{49CD88C1-D6B5-49CB-9361-A09574634A9A}.Release|Any CPU.Build.0 = Release|Any CPU
		{978E8B65-2C66-4039-84EE-D74E7191AB7A}.Debug|Any CPU.ActiveCfg = Debug|Any CPU
		{978E8B65-2C66-4039-84EE-D74E7191AB7A}.Debug|Any CPU.Build.0 = Debug|Any CPU
		{978E8B65-2C66-4039-84EE-D74E7191AB7A}.Release|Any CPU.ActiveCfg = Release|Any CPU
		{978E8B65-2C66-4039-84EE-D74E7191AB7A}.Release|Any CPU.Build.0 = Release|Any CPU
		{3F5A98DC-566A-444C-B17C-77C558184E46}.Debug|Any CPU.ActiveCfg = Debug|Any CPU
		{3F5A98DC-566A-444C-B17C-77C558184E46}.Debug|Any CPU.Build.0 = Debug|Any CPU
		{3F5A98DC-566A-444C-B17C-77C558184E46}.Release|Any CPU.ActiveCfg = Release|Any CPU
		{3F5A98DC-566A-444C-B17C-77C558184E46}.Release|Any CPU.Build.0 = Release|Any CPU
	EndGlobalSection
	GlobalSection(SolutionProperties) = preSolution
		HideSolutionNode = FALSE
	EndGlobalSection
	GlobalSection(NestedProjects) = preSolution
		{49CD88C1-D6B5-49CB-9361-A09574634A9A} = {45A27CD3-EF72-43E2-8A58-8155725DCB6E}
		{3F5A98DC-566A-444C-B17C-77C558184E46} = {45A27CD3-EF72-43E2-8A58-8155725DCB6E}
	EndGlobalSection
	GlobalSection(ExtensibilityGlobals) = postSolution
		SolutionGuid = {D297FBAA-1FA2-42D7-B509-CE0E1EFAE8A1}
	EndGlobalSection
EndGlobal
